// !$*UTF8*$!
{
	archiveVersion = 1;
	classes = {
	};
	objectVersion = 50;
	objects = {

/* Begin PBXBuildFile section */
		A81402BE21A1022800A891D7 /* FinsihView.swift in Sources */ = {isa = PBXBuildFile; fileRef = A81402BD21A1022800A891D7 /* FinsihView.swift */; };
		A81402C021A1565600A891D7 /* Settings.bundle in Resources */ = {isa = PBXBuildFile; fileRef = A81402BF21A1565600A891D7 /* Settings.bundle */; };
		A81402C221A15B9200A891D7 /* settings.swift in Sources */ = {isa = PBXBuildFile; fileRef = A81402C121A15B9200A891D7 /* settings.swift */; };
		A826E57A2191B77000FC68DB /* AnswerView.swift in Sources */ = {isa = PBXBuildFile; fileRef = A826E5792191B77000FC68DB /* AnswerView.swift */; };
		A8B24290218703F200850CC9 /* AppDelegate.swift in Sources */ = {isa = PBXBuildFile; fileRef = A8B2428F218703F200850CC9 /* AppDelegate.swift */; };
		A8B24292218703F200850CC9 /* ViewController.swift in Sources */ = {isa = PBXBuildFile; fileRef = A8B24291218703F200850CC9 /* ViewController.swift */; };
		A8B24295218703F200850CC9 /* Main.storyboard in Resources */ = {isa = PBXBuildFile; fileRef = A8B24293218703F200850CC9 /* Main.storyboard */; };
		A8B24297218703F400850CC9 /* Assets.xcassets in Resources */ = {isa = PBXBuildFile; fileRef = A8B24296218703F400850CC9 /* Assets.xcassets */; };
		A8B2429A218703F400850CC9 /* LaunchScreen.storyboard in Resources */ = {isa = PBXBuildFile; fileRef = A8B24298218703F400850CC9 /* LaunchScreen.storyboard */; };
		A8B242A5218703F400850CC9 /* iQuizTests.swift in Sources */ = {isa = PBXBuildFile; fileRef = A8B242A4218703F400850CC9 /* iQuizTests.swift */; };
		A8B242B0218703F400850CC9 /* iQuizUITests.swift in Sources */ = {isa = PBXBuildFile; fileRef = A8B242AF218703F400850CC9 /* iQuizUITests.swift */; };
		A8B242C0218804A400850CC9 /* TableViewController.swift in Sources */ = {isa = PBXBuildFile; fileRef = A8B242BF218804A400850CC9 /* TableViewController.swift */; };
		A8B242C22188058F00850CC9 /* TableCellTableViewCell.swift in Sources */ = {isa = PBXBuildFile; fileRef = A8B242C12188058F00850CC9 /* TableCellTableViewCell.swift */; };
		A8B47F6F219173530074714E /* QuestionView.swift in Sources */ = {isa = PBXBuildFile; fileRef = A8B47F6E219173530074714E /* QuestionView.swift */; };
/* End PBXBuildFile section */

/* Begin PBXContainerItemProxy section */
		A8B242A1218703F400850CC9 /* PBXContainerItemProxy */ = {
			isa = PBXContainerItemProxy;
			containerPortal = A8B24284218703F100850CC9 /* Project object */;
			proxyType = 1;
			remoteGlobalIDString = A8B2428B218703F200850CC9;
			remoteInfo = iQuiz;
		};
		A8B242AC218703F400850CC9 /* PBXContainerItemProxy */ = {
			isa = PBXContainerItemProxy;
			containerPortal = A8B24284218703F100850CC9 /* Project object */;
			proxyType = 1;
			remoteGlobalIDString = A8B2428B218703F200850CC9;
			remoteInfo = iQuiz;
		};
/* End PBXContainerItemProxy section */

/* Begin PBXFileReference section */
		A81402BD21A1022800A891D7 /* FinsihView.swift */ = {isa = PBXFileReference; lastKnownFileType = sourcecode.swift; path = FinsihView.swift; sourceTree = "<group>"; };
		A81402BF21A1565600A891D7 /* Settings.bundle */ = {isa = PBXFileReference; lastKnownFileType = "wrapper.plug-in"; path = Settings.bundle; sourceTree = "<group>"; };
		A81402C121A15B9200A891D7 /* settings.swift */ = {isa = PBXFileReference; lastKnownFileType = sourcecode.swift; path = settings.swift; sourceTree = "<group>"; };
		A826E5792191B77000FC68DB /* AnswerView.swift */ = {isa = PBXFileReference; lastKnownFileType = sourcecode.swift; path = AnswerView.swift; sourceTree = "<group>"; };
		A8B2428C218703F200850CC9 /* iQuiz.app */ = {isa = PBXFileReference; explicitFileType = wrapper.application; includeInIndex = 0; path = iQuiz.app; sourceTree = BUILT_PRODUCTS_DIR; };
		A8B2428F218703F200850CC9 /* AppDelegate.swift */ = {isa = PBXFileReference; lastKnownFileType = sourcecode.swift; path = AppDelegate.swift; sourceTree = "<group>"; };
		A8B24291218703F200850CC9 /* ViewController.swift */ = {isa = PBXFileReference; lastKnownFileType = sourcecode.swift; path = ViewController.swift; sourceTree = "<group>"; };
		A8B24294218703F200850CC9 /* Base */ = {isa = PBXFileReference; lastKnownFileType = file.storyboard; name = Base; path = Base.lproj/Main.storyboard; sourceTree = "<group>"; };
		A8B24296218703F400850CC9 /* Assets.xcassets */ = {isa = PBXFileReference; lastKnownFileType = folder.assetcatalog; path = Assets.xcassets; sourceTree = "<group>"; };
		A8B24299218703F400850CC9 /* Base */ = {isa = PBXFileReference; lastKnownFileType = file.storyboard; name = Base; path = Base.lproj/LaunchScreen.storyboard; sourceTree = "<group>"; };
		A8B2429B218703F400850CC9 /* Info.plist */ = {isa = PBXFileReference; lastKnownFileType = text.plist.xml; path = Info.plist; sourceTree = "<group>"; };
		A8B242A0218703F400850CC9 /* iQuizTests.xctest */ = {isa = PBXFileReference; explicitFileType = wrapper.cfbundle; includeInIndex = 0; path = iQuizTests.xctest; sourceTree = BUILT_PRODUCTS_DIR; };
		A8B242A4218703F400850CC9 /* iQuizTests.swift */ = {isa = PBXFileReference; lastKnownFileType = sourcecode.swift; path = iQuizTests.swift; sourceTree = "<group>"; };
		A8B242A6218703F400850CC9 /* Info.plist */ = {isa = PBXFileReference; lastKnownFileType = text.plist.xml; path = Info.plist; sourceTree = "<group>"; };
		A8B242AB218703F400850CC9 /* iQuizUITests.xctest */ = {isa = PBXFileReference; explicitFileType = wrapper.cfbundle; includeInIndex = 0; path = iQuizUITests.xctest; sourceTree = BUILT_PRODUCTS_DIR; };
		A8B242AF218703F400850CC9 /* iQuizUITests.swift */ = {isa = PBXFileReference; lastKnownFileType = sourcecode.swift; path = iQuizUITests.swift; sourceTree = "<group>"; };
		A8B242B1218703F400850CC9 /* Info.plist */ = {isa = PBXFileReference; lastKnownFileType = text.plist.xml; path = Info.plist; sourceTree = "<group>"; };
		A8B242BF218804A400850CC9 /* TableViewController.swift */ = {isa = PBXFileReference; lastKnownFileType = sourcecode.swift; path = TableViewController.swift; sourceTree = "<group>"; };
		A8B242C12188058F00850CC9 /* TableCellTableViewCell.swift */ = {isa = PBXFileReference; lastKnownFileType = sourcecode.swift; path = TableCellTableViewCell.swift; sourceTree = "<group>"; };
		A8B47F6E219173530074714E /* QuestionView.swift */ = {isa = PBXFileReference; lastKnownFileType = sourcecode.swift; path = QuestionView.swift; sourceTree = "<group>"; };
/* End PBXFileReference section */

/* Begin PBXFrameworksBuildPhase section */
		A8B24289218703F200850CC9 /* Frameworks */ = {
			isa = PBXFrameworksBuildPhase;
			buildActionMask = 2147483647;
			files = (
			);
			runOnlyForDeploymentPostprocessing = 0;
		};
		A8B2429D218703F400850CC9 /* Frameworks */ = {
			isa = PBXFrameworksBuildPhase;
			buildActionMask = 2147483647;
			files = (
			);
			runOnlyForDeploymentPostprocessing = 0;
		};
		A8B242A8218703F400850CC9 /* Frameworks */ = {
			isa = PBXFrameworksBuildPhase;
			buildActionMask = 2147483647;
			files = (
			);
			runOnlyForDeploymentPostprocessing = 0;
		};
/* End PBXFrameworksBuildPhase section */

/* Begin PBXGroup section */
		A8B24283218703F100850CC9 = {
			isa = PBXGroup;
			children = (
				A8B2428E218703F200850CC9 /* iQuiz */,
				A8B242A3218703F400850CC9 /* iQuizTests */,
				A8B242AE218703F400850CC9 /* iQuizUITests */,
				A8B2428D218703F200850CC9 /* Products */,
			);
			sourceTree = "<group>";
		};
		A8B2428D218703F200850CC9 /* Products */ = {
			isa = PBXGroup;
			children = (
				A8B2428C218703F200850CC9 /* iQuiz.app */,
				A8B242A0218703F400850CC9 /* iQuizTests.xctest */,
				A8B242AB218703F400850CC9 /* iQuizUITests.xctest */,
			);
			name = Products;
			sourceTree = "<group>";
		};
		A8B2428E218703F200850CC9 /* iQuiz */ = {
			isa = PBXGroup;
			children = (
				A8B24293218703F200850CC9 /* Main.storyboard */,
				A8B242C12188058F00850CC9 /* TableCellTableViewCell.swift */,
				A81402C121A15B9200A891D7 /* settings.swift */,
				A8B242BF218804A400850CC9 /* TableViewController.swift */,
				A8B2428F218703F200850CC9 /* AppDelegate.swift */,
				A8B24291218703F200850CC9 /* ViewController.swift */,
				A8B24296218703F400850CC9 /* Assets.xcassets */,
				A8B24298218703F400850CC9 /* LaunchScreen.storyboard */,
				A8B2429B218703F400850CC9 /* Info.plist */,
				A8B47F6E219173530074714E /* QuestionView.swift */,
				A826E5792191B77000FC68DB /* AnswerView.swift */,
				A81402BD21A1022800A891D7 /* FinsihView.swift */,
				A81402BF21A1565600A891D7 /* Settings.bundle */,
			);
			path = iQuiz;
			sourceTree = "<group>";
		};
		A8B242A3218703F400850CC9 /* iQuizTests */ = {
			isa = PBXGroup;
			children = (
				A8B242A4218703F400850CC9 /* iQuizTests.swift */,
				A8B242A6218703F400850CC9 /* Info.plist */,
			);
			path = iQuizTests;
			sourceTree = "<group>";
		};
		A8B242AE218703F400850CC9 /* iQuizUITests */ = {
			isa = PBXGroup;
			children = (
				A8B242AF218703F400850CC9 /* iQuizUITests.swift */,
				A8B242B1218703F400850CC9 /* Info.plist */,
			);
			path = iQuizUITests;
			sourceTree = "<group>";
		};
/* End PBXGroup section */

/* Begin PBXNativeTarget section */
		A8B2428B218703F200850CC9 /* iQuiz */ = {
			isa = PBXNativeTarget;
			buildConfigurationList = A8B242B4218703F400850CC9 /* Build configuration list for PBXNativeTarget "iQuiz" */;
			buildPhases = (
				A8B24288218703F200850CC9 /* Sources */,
				A8B24289218703F200850CC9 /* Frameworks */,
				A8B2428A218703F200850CC9 /* Resources */,
			);
			buildRules = (
			);
			dependencies = (
			);
			name = iQuiz;
			productName = iQuiz;
			productReference = A8B2428C218703F200850CC9 /* iQuiz.app */;
			productType = "com.apple.product-type.application";
		};
		A8B2429F218703F400850CC9 /* iQuizTests */ = {
			isa = PBXNativeTarget;
			buildConfigurationList = A8B242B7218703F400850CC9 /* Build configuration list for PBXNativeTarget "iQuizTests" */;
			buildPhases = (
				A8B2429C218703F400850CC9 /* Sources */,
				A8B2429D218703F400850CC9 /* Frameworks */,
				A8B2429E218703F400850CC9 /* Resources */,
			);
			buildRules = (
			);
			dependencies = (
				A8B242A2218703F400850CC9 /* PBXTargetDependency */,
			);
			name = iQuizTests;
			productName = iQuizTests;
			productReference = A8B242A0218703F400850CC9 /* iQuizTests.xctest */;
			productType = "com.apple.product-type.bundle.unit-test";
		};
		A8B242AA218703F400850CC9 /* iQuizUITests */ = {
			isa = PBXNativeTarget;
			buildConfigurationList = A8B242BA218703F400850CC9 /* Build configuration list for PBXNativeTarget "iQuizUITests" */;
			buildPhases = (
				A8B242A7218703F400850CC9 /* Sources */,
				A8B242A8218703F400850CC9 /* Frameworks */,
				A8B242A9218703F400850CC9 /* Resources */,
			);
			buildRules = (
			);
			dependencies = (
				A8B242AD218703F400850CC9 /* PBXTargetDependency */,
			);
			name = iQuizUITests;
			productName = iQuizUITests;
			productReference = A8B242AB218703F400850CC9 /* iQuizUITests.xctest */;
			productType = "com.apple.product-type.bundle.ui-testing";
		};
/* End PBXNativeTarget section */

/* Begin PBXProject section */
		A8B24284218703F100850CC9 /* Project object */ = {
			isa = PBXProject;
			attributes = {
				LastSwiftUpdateCheck = 1000;
				LastUpgradeCheck = 1000;
				ORGANIZATIONNAME = "Sarthak Turkhia";
				TargetAttributes = {
					A8B2428B218703F200850CC9 = {
						CreatedOnToolsVersion = 10.0;
					};
					A8B2429F218703F400850CC9 = {
						CreatedOnToolsVersion = 10.0;
						TestTargetID = A8B2428B218703F200850CC9;
					};
					A8B242AA218703F400850CC9 = {
						CreatedOnToolsVersion = 10.0;
						TestTargetID = A8B2428B218703F200850CC9;
					};
				};
			};
			buildConfigurationList = A8B24287218703F100850CC9 /* Build configuration list for PBXProject "iQuiz" */;
			compatibilityVersion = "Xcode 9.3";
			developmentRegion = en;
			hasScannedForEncodings = 0;
			knownRegions = (
				en,
				Base,
			);
			mainGroup = A8B24283218703F100850CC9;
			productRefGroup = A8B2428D218703F200850CC9 /* Products */;
			projectDirPath = "";
			projectRoot = "";
			targets = (
				A8B2428B218703F200850CC9 /* iQuiz */,
				A8B2429F218703F400850CC9 /* iQuizTests */,
				A8B242AA218703F400850CC9 /* iQuizUITests */,
			);
		};
/* End PBXProject section */

/* Begin PBXResourcesBuildPhase section */
		A8B2428A218703F200850CC9 /* Resources */ = {
			isa = PBXResourcesBuildPhase;
			buildActionMask = 2147483647;
			files = (
				A81402C021A1565600A891D7 /* Settings.bundle in Resources */,
				A8B2429A218703F400850CC9 /* LaunchScreen.storyboard in Resources */,
				A8B24297218703F400850CC9 /* Assets.xcassets in Resources */,
				A8B24295218703F200850CC9 /* Main.storyboard in Resources */,
			);
			runOnlyForDeploymentPostprocessing = 0;
		};
		A8B2429E218703F400850CC9 /* Resources */ = {
			isa = PBXResourcesBuildPhase;
			buildActionMask = 2147483647;
			files = (
			);
			runOnlyForDeploymentPostprocessing = 0;
		};
		A8B242A9218703F400850CC9 /* Resources */ = {
			isa = PBXResourcesBuildPhase;
			buildActionMask = 2147483647;
			files = (
			);
			runOnlyForDeploymentPostprocessing = 0;
		};
/* End PBXResourcesBuildPhase section */

/* Begin PBXSourcesBuildPhase section */
		A8B24288218703F200850CC9 /* Sources */ = {
			isa = PBXSourcesBuildPhase;
			buildActionMask = 2147483647;
			files = (
				A8B47F6F219173530074714E /* QuestionView.swift in Sources */,
				A8B24292218703F200850CC9 /* ViewController.swift in Sources */,
				A81402C221A15B9200A891D7 /* settings.swift in Sources */,
				A826E57A2191B77000FC68DB /* AnswerView.swift in Sources */,
				A8B242C0218804A400850CC9 /* TableViewController.swift in Sources */,
				A8B242C22188058F00850CC9 /* TableCellTableViewCell.swift in Sources */,
				A81402BE21A1022800A891D7 /* FinsihView.swift in Sources */,
				A8B24290218703F200850CC9 /* AppDelegate.swift in Sources */,
			);
			runOnlyForDeploymentPostprocessing = 0;
		};
		A8B2429C218703F400850CC9 /* Sources */ = {
			isa = PBXSourcesBuildPhase;
			buildActionMask = 2147483647;
			files = (
				A8B242A5218703F400850CC9 /* iQuizTests.swift in Sources */,
			);
			runOnlyForDeploymentPostprocessing = 0;
		};
		A8B242A7218703F400850CC9 /* Sources */ = {
			isa = PBXSourcesBuildPhase;
			buildActionMask = 2147483647;
			files = (
				A8B242B0218703F400850CC9 /* iQuizUITests.swift in Sources */,
			);
			runOnlyForDeploymentPostprocessing = 0;
		};
/* End PBXSourcesBuildPhase section */

/* Begin PBXTargetDependency section */
		A8B242A2218703F400850CC9 /* PBXTargetDependency */ = {
			isa = PBXTargetDependency;
			target = A8B2428B218703F200850CC9 /* iQuiz */;
			targetProxy = A8B242A1218703F400850CC9 /* PBXContainerItemProxy */;
		};
		A8B242AD218703F400850CC9 /* PBXTargetDependency */ = {
			isa = PBXTargetDependency;
			target = A8B2428B218703F200850CC9 /* iQuiz */;
			targetProxy = A8B242AC218703F400850CC9 /* PBXContainerItemProxy */;
		};
/* End PBXTargetDependency section */

/* Begin PBXVariantGroup section */
		A8B24293218703F200850CC9 /* Main.storyboard */ = {
			isa = PBXVariantGroup;
			children = (
				A8B24294218703F200850CC9 /* Base */,
			);
			name = Main.storyboard;
			sourceTree = "<group>";
		};
		A8B24298218703F400850CC9 /* LaunchScreen.storyboard */ = {
			isa = PBXVariantGroup;
			children = (
				A8B24299218703F400850CC9 /* Base */,
			);
			name = LaunchScreen.storyboard;
			sourceTree = "<group>";
		};
/* End PBXVariantGroup section */

/* Begin XCBuildConfiguration section */
		A8B242B2218703F400850CC9 /* Debug */ = {
			isa = XCBuildConfiguration;
			buildSettings = {
				ALWAYS_SEARCH_USER_PATHS = NO;
				CLANG_ANALYZER_NONNULL = YES;
				CLANG_ANALYZER_NUMBER_OBJECT_CONVERSION = YES_AGGRESSIVE;
				CLANG_CXX_LANGUAGE_STANDARD = "gnu++14";
				CLANG_CXX_LIBRARY = "libc++";
				CLANG_ENABLE_MODULES = YES;
				CLANG_ENABLE_OBJC_ARC = YES;
				CLANG_ENABLE_OBJC_WEAK = YES;
				CLANG_WARN_BLOCK_CAPTURE_AUTORELEASING = YES;
				CLANG_WARN_BOOL_CONVERSION = YES;
				CLANG_WARN_COMMA = YES;
				CLANG_WARN_CONSTANT_CONVERSION = YES;
				CLANG_WARN_DEPRECATED_OBJC_IMPLEMENTATIONS = YES;
				CLANG_WARN_DIRECT_OBJC_ISA_USAGE = YES_ERROR;
				CLANG_WARN_DOCUMENTATION_COMMENTS = YES;
				CLANG_WARN_EMPTY_BODY = YES;
				CLANG_WARN_ENUM_CONVERSION = YES;
				CLANG_WARN_INFINITE_RECURSION = YES;
				CLANG_WARN_INT_CONVERSION = YES;
				CLANG_WARN_NON_LITERAL_NULL_CONVERSION = YES;
				CLANG_WARN_OBJC_IMPLICIT_RETAIN_SELF = YES;
				CLANG_WARN_OBJC_LITERAL_CONVERSION = YES;
				CLANG_WARN_OBJC_ROOT_CLASS = YES_ERROR;
				CLANG_WARN_RANGE_LOOP_ANALYSIS = YES;
				CLANG_WARN_STRICT_PROTOTYPES = YES;
				CLANG_WARN_SUSPICIOUS_MOVE = YES;
				CLANG_WARN_UNGUARDED_AVAILABILITY = YES_AGGRESSIVE;
				CLANG_WARN_UNREACHABLE_CODE = YES;
				CLANG_WARN__DUPLICATE_METHOD_MATCH = YES;
				CODE_SIGN_IDENTITY = "iPhone Developer";
				COPY_PHASE_STRIP = NO;
				DEBUG_INFORMATION_FORMAT = dwarf;
				ENABLE_STRICT_OBJC_MSGSEND = YES;
				ENABLE_TESTABILITY = YES;
				GCC_C_LANGUAGE_STANDARD = gnu11;
				GCC_DYNAMIC_NO_PIC = NO;
				GCC_NO_COMMON_BLOCKS = YES;
				GCC_OPTIMIZATION_LEVEL = 0;
				GCC_PREPROCESSOR_DEFINITIONS = (
					"DEBUG=1",
					"$(inherited)",
				);
				GCC_WARN_64_TO_32_BIT_CONVERSION = YES;
				GCC_WARN_ABOUT_RETURN_TYPE = YES_ERROR;
				GCC_WARN_UNDECLARED_SELECTOR = YES;
				GCC_WARN_UNINITIALIZED_AUTOS = YES_AGGRESSIVE;
				GCC_WARN_UNUSED_FUNCTION = YES;
				GCC_WARN_UNUSED_VARIABLE = YES;
				IPHONEOS_DEPLOYMENT_TARGET = 12.0;
				MTL_ENABLE_DEBUG_INFO = INCLUDE_SOURCE;
				MTL_FAST_MATH = YES;
				ONLY_ACTIVE_ARCH = YES;
				SDKROOT = iphoneos;
				SWIFT_ACTIVE_COMPILATION_CONDITIONS = DEBUG;
				SWIFT_OPTIMIZATION_LEVEL = "-Onone";
			};
			name = Debug;
		};
		A8B242B3218703F400850CC9 /* Release */ = {
			isa = XCBuildConfiguration;
			buildSettings = {
				ALWAYS_SEARCH_USER_PATHS = NO;
				CLANG_ANALYZER_NONNULL = YES;
				CLANG_ANALYZER_NUMBER_OBJECT_CONVERSION = YES_AGGRESSIVE;
				CLANG_CXX_LANGUAGE_STANDARD = "gnu++14";
				CLANG_CXX_LIBRARY = "libc++";
				CLANG_ENABLE_MODULES = YES;
				CLANG_ENABLE_OBJC_ARC = YES;
				CLANG_ENABLE_OBJC_WEAK = YES;
				CLANG_WARN_BLOCK_CAPTURE_AUTORELEASING = YES;
				CLANG_WARN_BOOL_CONVERSION = YES;
				CLANG_WARN_COMMA = YES;
				CLANG_WARN_CONSTANT_CONVERSION = YES;
				CLANG_WARN_DEPRECATED_OBJC_IMPLEMENTATIONS = YES;
				CLANG_WARN_DIRECT_OBJC_ISA_USAGE = YES_ERROR;
				CLANG_WARN_DOCUMENTATION_COMMENTS = YES;
				CLANG_WARN_EMPTY_BODY = YES;
				CLANG_WARN_ENUM_CONVERSION = YES;
				CLANG_WARN_INFINITE_RECURSION = YES;
				CLANG_WARN_INT_CONVERSION = YES;
				CLANG_WARN_NON_LITERAL_NULL_CONVERSION = YES;
				CLANG_WARN_OBJC_IMPLICIT_RETAIN_SELF = YES;
				CLANG_WARN_OBJC_LITERAL_CONVERSION = YES;
				CLANG_WARN_OBJC_ROOT_CLASS = YES_ERROR;
				CLANG_WARN_RANGE_LOOP_ANALYSIS = YES;
				CLANG_WARN_STRICT_PROTOTYPES = YES;
				CLANG_WARN_SUSPICIOUS_MOVE = YES;
				CLANG_WARN_UNGUARDED_AVAILABILITY = YES_AGGRESSIVE;
				CLANG_WARN_UNREACHABLE_CODE = YES;
				CLANG_WARN__DUPLICATE_METHOD_MATCH = YES;
				CODE_SIGN_IDENTITY = "iPhone Developer";
				COPY_PHASE_STRIP = NO;
				DEBUG_INFORMATION_FORMAT = "dwarf-with-dsym";
				ENABLE_NS_ASSERTIONS = NO;
				ENABLE_STRICT_OBJC_MSGSEND = YES;
				GCC_C_LANGUAGE_STANDARD = gnu11;
				GCC_NO_COMMON_BLOCKS = YES;
				GCC_WARN_64_TO_32_BIT_CONVERSION = YES;
				GCC_WARN_ABOUT_RETURN_TYPE = YES_ERROR;
				GCC_WARN_UNDECLARED_SELECTOR = YES;
				GCC_WARN_UNINITIALIZED_AUTOS = YES_AGGRESSIVE;
				GCC_WARN_UNUSED_FUNCTION = YES;
				GCC_WARN_UNUSED_VARIABLE = YES;
				IPHONEOS_DEPLOYMENT_TARGET = 12.0;
				MTL_ENABLE_DEBUG_INFO = NO;
				MTL_FAST_MATH = YES;
				SDKROOT = iphoneos;
				SWIFT_COMPILATION_MODE = wholemodule;
				SWIFT_OPTIMIZATION_LEVEL = "-O";
				VALIDATE_PRODUCT = YES;
			};
			name = Release;
		};
		A8B242B5218703F400850CC9 /* Debug */ = {
			isa = XCBuildConfiguration;
			buildSettings = {
				ASSETCATALOG_COMPILER_APPICON_NAME = AppIcon;
				CODE_SIGN_STYLE = Automatic;
				DEVELOPMENT_TEAM = 2745B5XCV5;
				INFOPLIST_FILE = iQuiz/Info.plist;
				LD_RUNPATH_SEARCH_PATHS = (
					"$(inherited)",
					"@executable_path/Frameworks",
				);
				PRODUCT_BUNDLE_IDENTIFIER = sarthak.iQuiz;
				PRODUCT_NAME = "$(TARGET_NAME)";
				SWIFT_VERSION = 4.2;
				TARGETED_DEVICE_FAMILY = "1,2";
			};
			name = Debug;
		};
		A8B242B6218703F400850CC9 /* Release */ = {
			isa = XCBuildConfiguration;
			buildSettings = {
				ASSETCATALOG_COMPILER_APPICON_NAME = AppIcon;
				CODE_SIGN_STYLE = Automatic;
				DEVELOPMENT_TEAM = 2745B5XCV5;
				INFOPLIST_FILE = iQuiz/Info.plist;
				LD_RUNPATH_SEARCH_PATHS = (
					"$(inherited)",
					"@executable_path/Frameworks",
				);
				PRODUCT_BUNDLE_IDENTIFIER = sarthak.iQuiz;
				PRODUCT_NAME = "$(TARGET_NAME)";
				SWIFT_VERSION = 4.2;
				TARGETED_DEVICE_FAMILY = "1,2";
			};
			name = Release;
		};
		A8B242B8218703F400850CC9 /* Debug */ = {
			isa = XCBuildConfiguration;
			buildSettings = {
				ALWAYS_EMBED_SWIFT_STANDARD_LIBRARIES = YES;
				BUNDLE_LOADER = "$(TEST_HOST)";
				CODE_SIGN_STYLE = Automatic;
				DEVELOPMENT_TEAM = 2745B5XCV5;
				INFOPLIST_FILE = iQuizTests/Info.plist;
				LD_RUNPATH_SEARCH_PATHS = (
					"$(inherited)",
					"@executable_path/Frameworks",
					"@loader_path/Frameworks",
				);
				PRODUCT_BUNDLE_IDENTIFIER = sarthak.iQuizTests;
				PRODUCT_NAME = "$(TARGET_NAME)";
				SWIFT_VERSION = 4.2;
				TARGETED_DEVICE_FAMILY = "1,2";
				TEST_HOST = "$(BUILT_PRODUCTS_DIR)/iQuiz.app/iQuiz";
			};
			name = Debug;
		};
		A8B242B9218703F400850CC9 /* Release */ = {
			isa = XCBuildConfiguration;
			buildSettings = {
				ALWAYS_EMBED_SWIFT_STANDARD_LIBRARIES = YES;
				BUNDLE_LOADER = "$(TEST_HOST)";
				CODE_SIGN_STYLE = Automatic;
				DEVELOPMENT_TEAM = 2745B5XCV5;
				INFOPLIST_FILE = iQuizTests/Info.plist;
				LD_RUNPATH_SEARCH_PATHS = (
					"$(inherited)",
					"@executable_path/Frameworks",
					"@loader_path/Frameworks",
				);
				PRODUCT_BUNDLE_IDENTIFIER = sarthak.iQuizTests;
				PRODUCT_NAME = "$(TARGET_NAME)";
				SWIFT_VERSION = 4.2;
				TARGETED_DEVICE_FAMILY = "1,2";
				TEST_HOST = "$(BUILT_PRODUCTS_DIR)/iQuiz.app/iQuiz";
			};
			name = Release;
		};
		A8B242BB218703F400850CC9 /* Debug */ = {
			isa = XCBuildConfiguration;
			buildSettings = {
				ALWAYS_EMBED_SWIFT_STANDARD_LIBRARIES = YES;
				CODE_SIGN_STYLE = Automatic;
				DEVELOPMENT_TEAM = 2745B5XCV5;
				INFOPLIST_FILE = iQuizUITests/Info.plist;
				LD_RUNPATH_SEARCH_PATHS = (
					"$(inherited)",
					"@executable_path/Frameworks",
					"@loader_path/Frameworks",
				);
				PRODUCT_BUNDLE_IDENTIFIER = sarthak.iQuizUITests;
				PRODUCT_NAME = "$(TARGET_NAME)";
				SWIFT_VERSION = 4.2;
				TARGETED_DEVICE_FAMILY = "1,2";
				TEST_TARGET_NAME = iQuiz;
			};
			name = Debug;
		};
		A8B242BC218703F400850CC9 /* Release */ = {
			isa = XCBuildConfiguration;
			buildSettings = {
				ALWAYS_EMBED_SWIFT_STANDARD_LIBRARIES = YES;
				CODE_SIGN_STYLE = Automatic;
				DEVELOPMENT_TEAM = 2745B5XCV5;
				INFOPLIST_FILE = iQuizUITests/Info.plist;
				LD_RUNPATH_SEARCH_PATHS = (
					"$(inherited)",
					"@executable_path/Frameworks",
					"@loader_path/Frameworks",
				);
				PRODUCT_BUNDLE_IDENTIFIER = sarthak.iQuizUITests;
				PRODUCT_NAME = "$(TARGET_NAME)";
				SWIFT_VERSION = 4.2;
				TARGETED_DEVICE_FAMILY = "1,2";
				TEST_TARGET_NAME = iQuiz;
			};
			name = Release;
		};
/* End XCBuildConfiguration section */

/* Begin XCConfigurationList section */
		A8B24287218703F100850CC9 /* Build configuration list for PBXProject "iQuiz" */ = {
			isa = XCConfigurationList;
			buildConfigurations = (
				A8B242B2218703F400850CC9 /* Debug */,
				A8B242B3218703F400850CC9 /* Release */,
			);
			defaultConfigurationIsVisible = 0;
			defaultConfigurationName = Release;
		};
		A8B242B4218703F400850CC9 /* Build configuration list for PBXNativeTarget "iQuiz" */ = {
			isa = XCConfigurationList;
			buildConfigurations = (
				A8B242B5218703F400850CC9 /* Debug */,
				A8B242B6218703F400850CC9 /* Release */,
			);
			defaultConfigurationIsVisible = 0;
			defaultConfigurationName = Release;
		};
		A8B242B7218703F400850CC9 /* Build configuration list for PBXNativeTarget "iQuizTests" */ = {
			isa = XCConfigurationList;
			buildConfigurations = (
				A8B242B8218703F400850CC9 /* Debug */,
				A8B242B9218703F400850CC9 /* Release */,
			);
			defaultConfigurationIsVisible = 0;
			defaultConfigurationName = Release;
		};
		A8B242BA218703F400850CC9 /* Build configuration list for PBXNativeTarget "iQuizUITests" */ = {
			isa = XCConfigurationList;
			buildConfigurations = (
				A8B242BB218703F400850CC9 /* Debug */,
				A8B242BC218703F400850CC9 /* Release */,
			);
			defaultConfigurationIsVisible = 0;
			defaultConfigurationName = Release;
		};
/* End XCConfigurationList section */
	};
	rootObject = A8B24284218703F100850CC9 /* Project object */;
}
